
Microsoft Visual Studio Solution File, Format Version 12.00
# Visual Studio Version 17
VisualStudioVersion = 17.10.35122.118
MinimumVisualStudioVersion = 10.0.40219.1
Project("{FAE04EC0-301F-11D3-BF4B-00C04F79EFBC}") = "Projekt", "Projekt\Projekt.csproj", "{FCC4FBB4-1FBD-4FEA-B059-29927D8A5000}"
EndProject
Global
	GlobalSection(SolutionConfigurationPlatforms) = preSolution
		Debug|Any CPU = Debug|Any CPU
		Release|Any CPU = Release|Any CPU
	EndGlobalSection
	GlobalSection(ProjectConfigurationPlatforms) = postSolution
		{FCC4FBB4-1FBD-4FEA-B059-29927D8A5000}.Debug|Any CPU.ActiveCfg = Debug|Any CPU
		{FCC4FBB4-1FBD-4FEA-B059-29927D8A5000}.Debug|Any CPU.Build.0 = Debug|Any CPU
		{FCC4FBB4-1FBD-4FEA-B059-29927D8A5000}.Release|Any CPU.ActiveCfg = Release|Any CPU
		{FCC4FBB4-1FBD-4FEA-B059-29927D8A5000}.Release|Any CPU.Build.0 = Release|Any CPU
	EndGlobalSection
	GlobalSection(SolutionProperties) = preSolution
		HideSolutionNode = FALSE
	EndGlobalSection
	GlobalSection(ExtensibilityGlobals) = postSolution
		SolutionGuid = {8ADE5245-8BE8-4E68-907D-59FAC90A3305}
	EndGlobalSection
EndGlobal
